
Microsoft Visual Studio Solution File, Format Version 12.00
# Visual Studio Version 16
VisualStudioVersion = 16.0.30611.23
MinimumVisualStudioVersion = 10.0.40219.1
Project("{FAE04EC0-301F-11D3-BF4B-00C04F79EFBC}") = "ProjectFinal", "ProjectFinal.csproj", "{74BC01F7-5E81-44D0-AB73-A21A10F8EBD8}"
EndProject
Global
	GlobalSection(SolutionConfigurationPlatforms) = preSolution
		Debug|Any CPU = Debug|Any CPU
		Release|Any CPU = Release|Any CPU
	EndGlobalSection
	GlobalSection(ProjectConfigurationPlatforms) = postSolution
		{74BC01F7-5E81-44D0-AB73-A21A10F8EBD8}.Debug|Any CPU.ActiveCfg = Debug|Any CPU
		{74BC01F7-5E81-44D0-AB73-A21A10F8EBD8}.Debug|Any CPU.Build.0 = Debug|Any CPU
		{74BC01F7-5E81-44D0-AB73-A21A10F8EBD8}.Release|Any CPU.ActiveCfg = Release|Any CPU
		{74BC01F7-5E81-44D0-AB73-A21A10F8EBD8}.Release|Any CPU.Build.0 = Release|Any CPU
	EndGlobalSection
	GlobalSection(SolutionProperties) = preSolution
		HideSolutionNode = FALSE
	EndGlobalSection
	GlobalSection(ExtensibilityGlobals) = postSolution
		SolutionGuid = {4A654AD1-BF44-4FF9-8ADE-5AC7FA0EEA1E}
	EndGlobalSection
EndGlobal
